
Microsoft Visual Studio Solution File, Format Version 12.00
# Visual Studio Version 17
VisualStudioVersion = 17.4.33103.184
MinimumVisualStudioVersion = 10.0.40219.1
Project("{FAE04EC0-301F-11D3-BF4B-00C04F79EFBC}") = "Dice Roller", "Dice Roller.csproj", "{36252FE4-9F67-45D6-AD4E-45A189EDAC0B}"
EndProject
Global
	GlobalSection(SolutionConfigurationPlatforms) = preSolution
		Debug|Any CPU = Debug|Any CPU
		Release|Any CPU = Release|Any CPU
	EndGlobalSection
	GlobalSection(ProjectConfigurationPlatforms) = postSolution
		{36252FE4-9F67-45D6-AD4E-45A189EDAC0B}.Debug|Any CPU.ActiveCfg = Debug|Any CPU
		{36252FE4-9F67-45D6-AD4E-45A189EDAC0B}.Debug|Any CPU.Build.0 = Debug|Any CPU
		{36252FE4-9F67-45D6-AD4E-45A189EDAC0B}.Release|Any CPU.ActiveCfg = Release|Any CPU
		{36252FE4-9F67-45D6-AD4E-45A189EDAC0B}.Release|Any CPU.Build.0 = Release|Any CPU
	EndGlobalSection
	GlobalSection(SolutionProperties) = preSolution
		HideSolutionNode = FALSE
	EndGlobalSection
	GlobalSection(ExtensibilityGlobals) = postSolution
		SolutionGuid = {911169DF-DBA3-4483-BAB0-3A77DCE000C0}
	EndGlobalSection
EndGlobal
